
Microsoft Visual Studio Solution File, Format Version 12.00
# Visual Studio Version 16
VisualStudioVersion = 16.0.33920.266
MinimumVisualStudioVersion = 10.0.40219.1
Project("{F184B08F-C81C-45F6-A57F-5ABD9991F28F}") = "UniversalFreeBuilder", "UniversalFreeBuilder\UniversalFreeBuilder.vbproj", "{A32EE7C1-5F6A-40E8-B2BB-04EF731CE6A5}"
EndProject
Global
	GlobalSection(SolutionConfigurationPlatforms) = preSolution
		Debug|Any CPU = Debug|Any CPU
		Release|Any CPU = Release|Any CPU
	EndGlobalSection
	GlobalSection(ProjectConfigurationPlatforms) = postSolution
		{A32EE7C1-5F6A-40E8-B2BB-04EF731CE6A5}.Debug|Any CPU.ActiveCfg = Debug|Any CPU
		{A32EE7C1-5F6A-40E8-B2BB-04EF731CE6A5}.Debug|Any CPU.Build.0 = Debug|Any CPU
		{A32EE7C1-5F6A-40E8-B2BB-04EF731CE6A5}.Release|Any CPU.ActiveCfg = Release|Any CPU
		{A32EE7C1-5F6A-40E8-B2BB-04EF731CE6A5}.Release|Any CPU.Build.0 = Release|Any CPU
	EndGlobalSection
	GlobalSection(SolutionProperties) = preSolution
		HideSolutionNode = FALSE
	EndGlobalSection
	GlobalSection(ExtensibilityGlobals) = postSolution
		SolutionGuid = {2910ED91-E3B6-4C5E-AAFF-504AAC9C2E21}
	EndGlobalSection
EndGlobal
